
Microsoft Visual Studio Solution File, Format Version 12.00
# Visual Studio 15
VisualStudioVersion = 15.0.28010.0
MinimumVisualStudioVersion = 10.0.40219.1
Project("{9A19103F-16F7-4668-BE54-9A1E7A4F7556}") = "MemoryLeak", "MemoryLeak\MemoryLeak.csproj", "{750E6030-D614-4C1A-B8DD-9FAC21CC734C}"
EndProject
Project("{9A19103F-16F7-4668-BE54-9A1E7A4F7556}") = "FindInFilesReadAll", "FindInFilesReadAll\FindInFilesReadAll.csproj", "{EB51530E-3007-4FF2-A339-EAD802C6CC5F}"
EndProject
Project("{FAE04EC0-301F-11D3-BF4B-00C04F79EFBC}") = "EF", "EF\EF.csproj", "{3E76107F-63F4-47EA-9DAB-7A2259956DD3}"
EndProject
Project("{2150E333-8FDC-42A3-9474-1A3956D46DE8}") = "Solution Items", "Solution Items", "{DF3BEB54-801A-499B-95BE-B277D9C75B6E}"
	ProjectSection(SolutionItems) = preProject
		Performance1.psess = Performance1.psess
	EndProjectSection
EndProject
Global
	GlobalSection(Performance) = preSolution
		HasPerformanceSessions = true
	EndGlobalSection
	GlobalSection(SolutionConfigurationPlatforms) = preSolution
		Debug|Any CPU = Debug|Any CPU
		Debug|ARM = Debug|ARM
		Debug|x64 = Debug|x64
		Debug|x86 = Debug|x86
		Mock|Any CPU = Mock|Any CPU
		Mock|ARM = Mock|ARM
		Mock|x64 = Mock|x64
		Mock|x86 = Mock|x86
		Release|Any CPU = Release|Any CPU
		Release|ARM = Release|ARM
		Release|x64 = Release|x64
		Release|x86 = Release|x86
	EndGlobalSection
	GlobalSection(ProjectConfigurationPlatforms) = postSolution
		{750E6030-D614-4C1A-B8DD-9FAC21CC734C}.Debug|Any CPU.ActiveCfg = Debug|Any CPU
		{750E6030-D614-4C1A-B8DD-9FAC21CC734C}.Debug|Any CPU.Build.0 = Debug|Any CPU
		{750E6030-D614-4C1A-B8DD-9FAC21CC734C}.Debug|ARM.ActiveCfg = Debug|Any CPU
		{750E6030-D614-4C1A-B8DD-9FAC21CC734C}.Debug|ARM.Build.0 = Debug|Any CPU
		{750E6030-D614-4C1A-B8DD-9FAC21CC734C}.Debug|x64.ActiveCfg = Debug|Any CPU
		{750E6030-D614-4C1A-B8DD-9FAC21CC734C}.Debug|x64.Build.0 = Debug|Any CPU
		{750E6030-D614-4C1A-B8DD-9FAC21CC734C}.Debug|x86.ActiveCfg = Debug|Any CPU
		{750E6030-D614-4C1A-B8DD-9FAC21CC734C}.Debug|x86.Build.0 = Debug|Any CPU
		{750E6030-D614-4C1A-B8DD-9FAC21CC734C}.Mock|Any CPU.ActiveCfg = Release|Any CPU
		{750E6030-D614-4C1A-B8DD-9FAC21CC734C}.Mock|Any CPU.Build.0 = Release|Any CPU
		{750E6030-D614-4C1A-B8DD-9FAC21CC734C}.Mock|ARM.ActiveCfg = Release|Any CPU
		{750E6030-D614-4C1A-B8DD-9FAC21CC734C}.Mock|ARM.Build.0 = Release|Any CPU
		{750E6030-D614-4C1A-B8DD-9FAC21CC734C}.Mock|x64.ActiveCfg = Release|Any CPU
		{750E6030-D614-4C1A-B8DD-9FAC21CC734C}.Mock|x64.Build.0 = Release|Any CPU
		{750E6030-D614-4C1A-B8DD-9FAC21CC734C}.Mock|x86.ActiveCfg = Release|Any CPU
		{750E6030-D614-4C1A-B8DD-9FAC21CC734C}.Mock|x86.Build.0 = Release|Any CPU
		{750E6030-D614-4C1A-B8DD-9FAC21CC734C}.Release|Any CPU.ActiveCfg = Release|Any CPU
		{750E6030-D614-4C1A-B8DD-9FAC21CC734C}.Release|Any CPU.Build.0 = Release|Any CPU
		{750E6030-D614-4C1A-B8DD-9FAC21CC734C}.Release|ARM.ActiveCfg = Release|Any CPU
		{750E6030-D614-4C1A-B8DD-9FAC21CC734C}.Release|ARM.Build.0 = Release|Any CPU
		{750E6030-D614-4C1A-B8DD-9FAC21CC734C}.Release|x64.ActiveCfg = Release|Any CPU
		{750E6030-D614-4C1A-B8DD-9FAC21CC734C}.Release|x64.Build.0 = Release|Any CPU
		{750E6030-D614-4C1A-B8DD-9FAC21CC734C}.Release|x86.ActiveCfg = Release|Any CPU
		{750E6030-D614-4C1A-B8DD-9FAC21CC734C}.Release|x86.Build.0 = Release|Any CPU
		{EB51530E-3007-4FF2-A339-EAD802C6CC5F}.Debug|Any CPU.ActiveCfg = Debug|Any CPU
		{EB51530E-3007-4FF2-A339-EAD802C6CC5F}.Debug|Any CPU.Build.0 = Debug|Any CPU
		{EB51530E-3007-4FF2-A339-EAD802C6CC5F}.Debug|ARM.ActiveCfg = Debug|Any CPU
		{EB51530E-3007-4FF2-A339-EAD802C6CC5F}.Debug|ARM.Build.0 = Debug|Any CPU
		{EB51530E-3007-4FF2-A339-EAD802C6CC5F}.Debug|x64.ActiveCfg = Debug|Any CPU
		{EB51530E-3007-4FF2-A339-EAD802C6CC5F}.Debug|x64.Build.0 = Debug|Any CPU
		{EB51530E-3007-4FF2-A339-EAD802C6CC5F}.Debug|x86.ActiveCfg = Debug|Any CPU
		{EB51530E-3007-4FF2-A339-EAD802C6CC5F}.Debug|x86.Build.0 = Debug|Any CPU
		{EB51530E-3007-4FF2-A339-EAD802C6CC5F}.Mock|Any CPU.ActiveCfg = Release|Any CPU
		{EB51530E-3007-4FF2-A339-EAD802C6CC5F}.Mock|Any CPU.Build.0 = Release|Any CPU
		{EB51530E-3007-4FF2-A339-EAD802C6CC5F}.Mock|ARM.ActiveCfg = Release|Any CPU
		{EB51530E-3007-4FF2-A339-EAD802C6CC5F}.Mock|ARM.Build.0 = Release|Any CPU
		{EB51530E-3007-4FF2-A339-EAD802C6CC5F}.Mock|x64.ActiveCfg = Release|Any CPU
		{EB51530E-3007-4FF2-A339-EAD802C6CC5F}.Mock|x64.Build.0 = Release|Any CPU
		{EB51530E-3007-4FF2-A339-EAD802C6CC5F}.Mock|x86.ActiveCfg = Release|Any CPU
		{EB51530E-3007-4FF2-A339-EAD802C6CC5F}.Mock|x86.Build.0 = Release|Any CPU
		{EB51530E-3007-4FF2-A339-EAD802C6CC5F}.Release|Any CPU.ActiveCfg = Release|Any CPU
		{EB51530E-3007-4FF2-A339-EAD802C6CC5F}.Release|Any CPU.Build.0 = Release|Any CPU
		{EB51530E-3007-4FF2-A339-EAD802C6CC5F}.Release|ARM.ActiveCfg = Release|Any CPU
		{EB51530E-3007-4FF2-A339-EAD802C6CC5F}.Release|ARM.Build.0 = Release|Any CPU
		{EB51530E-3007-4FF2-A339-EAD802C6CC5F}.Release|x64.ActiveCfg = Release|Any CPU
		{EB51530E-3007-4FF2-A339-EAD802C6CC5F}.Release|x64.Build.0 = Release|Any CPU
		{EB51530E-3007-4FF2-A339-EAD802C6CC5F}.Release|x86.ActiveCfg = Release|Any CPU
		{EB51530E-3007-4FF2-A339-EAD802C6CC5F}.Release|x86.Build.0 = Release|Any CPU
		{3E76107F-63F4-47EA-9DAB-7A2259956DD3}.Debug|Any CPU.ActiveCfg = Debug|Any CPU
		{3E76107F-63F4-47EA-9DAB-7A2259956DD3}.Debug|Any CPU.Build.0 = Debug|Any CPU
		{3E76107F-63F4-47EA-9DAB-7A2259956DD3}.Debug|ARM.ActiveCfg = Debug|Any CPU
		{3E76107F-63F4-47EA-9DAB-7A2259956DD3}.Debug|ARM.Build.0 = Debug|Any CPU
		{3E76107F-63F4-47EA-9DAB-7A2259956DD3}.Debug|x64.ActiveCfg = Debug|Any CPU
		{3E76107F-63F4-47EA-9DAB-7A2259956DD3}.Debug|x64.Build.0 = Debug|Any CPU
		{3E76107F-63F4-47EA-9DAB-7A2259956DD3}.Debug|x86.ActiveCfg = Debug|Any CPU
		{3E76107F-63F4-47EA-9DAB-7A2259956DD3}.Debug|x86.Build.0 = Debug|Any CPU
		{3E76107F-63F4-47EA-9DAB-7A2259956DD3}.Mock|Any CPU.ActiveCfg = Release|Any CPU
		{3E76107F-63F4-47EA-9DAB-7A2259956DD3}.Mock|Any CPU.Build.0 = Release|Any CPU
		{3E76107F-63F4-47EA-9DAB-7A2259956DD3}.Mock|ARM.ActiveCfg = Release|Any CPU
		{3E76107F-63F4-47EA-9DAB-7A2259956DD3}.Mock|ARM.Build.0 = Release|Any CPU
		{3E76107F-63F4-47EA-9DAB-7A2259956DD3}.Mock|x64.ActiveCfg = Release|Any CPU
		{3E76107F-63F4-47EA-9DAB-7A2259956DD3}.Mock|x64.Build.0 = Release|Any CPU
		{3E76107F-63F4-47EA-9DAB-7A2259956DD3}.Mock|x86.ActiveCfg = Release|Any CPU
		{3E76107F-63F4-47EA-9DAB-7A2259956DD3}.Mock|x86.Build.0 = Release|Any CPU
		{3E76107F-63F4-47EA-9DAB-7A2259956DD3}.Release|Any CPU.ActiveCfg = Release|Any CPU
		{3E76107F-63F4-47EA-9DAB-7A2259956DD3}.Release|Any CPU.Build.0 = Release|Any CPU
		{3E76107F-63F4-47EA-9DAB-7A2259956DD3}.Release|ARM.ActiveCfg = Release|Any CPU
		{3E76107F-63F4-47EA-9DAB-7A2259956DD3}.Release|ARM.Build.0 = Release|Any CPU
		{3E76107F-63F4-47EA-9DAB-7A2259956DD3}.Release|x64.ActiveCfg = Release|Any CPU
		{3E76107F-63F4-47EA-9DAB-7A2259956DD3}.Release|x64.Build.0 = Release|Any CPU
		{3E76107F-63F4-47EA-9DAB-7A2259956DD3}.Release|x86.ActiveCfg = Release|Any CPU
		{3E76107F-63F4-47EA-9DAB-7A2259956DD3}.Release|x86.Build.0 = Release|Any CPU
	EndGlobalSection
	GlobalSection(SolutionProperties) = preSolution
		HideSolutionNode = FALSE
	EndGlobalSection
	GlobalSection(ExtensibilityGlobals) = postSolution
		SolutionGuid = {44611687-DAE9-4A2A-A525-83D5F76F12BC}
	EndGlobalSection
	GlobalSection(Performance) = preSolution
		HasPerformanceSessions = true
	EndGlobalSection
	GlobalSection(Performance) = preSolution
		HasPerformanceSessions = true
	EndGlobalSection
	GlobalSection(Performance) = preSolution
		HasPerformanceSessions = true
	EndGlobalSection
	GlobalSection(Performance) = preSolution
		HasPerformanceSessions = true
	EndGlobalSection
	GlobalSection(Performance) = preSolution
		HasPerformanceSessions = true
	EndGlobalSection
	GlobalSection(Performance) = preSolution
		HasPerformanceSessions = true
	EndGlobalSection
EndGlobal
